// !$*UTF8*$!
{
	archiveVersion = 1;
	classes = {
	};
	objectVersion = 46;
	objects = {

/* Begin PBXBuildFile section */
		6E2167A3181BE014000C7D57 /* SQLiteAccess.m in Sources */ = {isa = PBXBuildFile; fileRef = 6E2167A2181BE014000C7D57 /* SQLiteAccess.m */; };
		6E2167A5181BE1FD000C7D57 /* libsqlite3.dylib in Frameworks */ = {isa = PBXBuildFile; fileRef = 6E2167A4181BE1FD000C7D57 /* libsqlite3.dylib */; };
		6E2167A8181BE390000C7D57 /* SQLiteAccess+Curso.m in Sources */ = {isa = PBXBuildFile; fileRef = 6E2167A7181BE390000C7D57 /* SQLiteAccess+Curso.m */; };
		6E2167A9181BE63F000C7D57 /* db.sqlite in Resources */ = {isa = PBXBuildFile; fileRef = 6E2167A0181BDFEE000C7D57 /* db.sqlite */; };
		6E3319BB182D08960040FE43 /* AFHTTPRequestOperation.m in Sources */ = {isa = PBXBuildFile; fileRef = 6E3319A9182D08960040FE43 /* AFHTTPRequestOperation.m */; };
		6E3319BC182D08960040FE43 /* AFHTTPRequestOperationManager.m in Sources */ = {isa = PBXBuildFile; fileRef = 6E3319AB182D08960040FE43 /* AFHTTPRequestOperationManager.m */; };
		6E3319BD182D08960040FE43 /* AFHTTPSessionManager.m in Sources */ = {isa = PBXBuildFile; fileRef = 6E3319AD182D08960040FE43 /* AFHTTPSessionManager.m */; };
		6E3319BE182D08960040FE43 /* AFNetworkReachabilityManager.m in Sources */ = {isa = PBXBuildFile; fileRef = 6E3319B0182D08960040FE43 /* AFNetworkReachabilityManager.m */; };
		6E3319BF182D08960040FE43 /* AFSecurityPolicy.m in Sources */ = {isa = PBXBuildFile; fileRef = 6E3319B2182D08960040FE43 /* AFSecurityPolicy.m */; };
		6E3319C0182D08960040FE43 /* AFURLConnectionOperation.m in Sources */ = {isa = PBXBuildFile; fileRef = 6E3319B4182D08960040FE43 /* AFURLConnectionOperation.m */; };
		6E3319C1182D08960040FE43 /* AFURLRequestSerialization.m in Sources */ = {isa = PBXBuildFile; fileRef = 6E3319B6182D08960040FE43 /* AFURLRequestSerialization.m */; };
		6E3319C2182D08960040FE43 /* AFURLResponseSerialization.m in Sources */ = {isa = PBXBuildFile; fileRef = 6E3319B8182D08960040FE43 /* AFURLResponseSerialization.m */; };
		6E3319C3182D08960040FE43 /* AFURLSessionManager.m in Sources */ = {isa = PBXBuildFile; fileRef = 6E3319BA182D08960040FE43 /* AFURLSessionManager.m */; };
		6E3319D4182D08A70040FE43 /* AFNetworkActivityIndicatorManager.m in Sources */ = {isa = PBXBuildFile; fileRef = 6E3319C6182D08A70040FE43 /* AFNetworkActivityIndicatorManager.m */; };
		6E3319D5182D08A70040FE43 /* UIActivityIndicatorView+AFNetworking.m in Sources */ = {isa = PBXBuildFile; fileRef = 6E3319C8182D08A70040FE43 /* UIActivityIndicatorView+AFNetworking.m */; };
		6E3319D6182D08A70040FE43 /* UIAlertView+AFNetworking.m in Sources */ = {isa = PBXBuildFile; fileRef = 6E3319CA182D08A70040FE43 /* UIAlertView+AFNetworking.m */; };
		6E3319D7182D08A70040FE43 /* UIButton+AFNetworking.m in Sources */ = {isa = PBXBuildFile; fileRef = 6E3319CC182D08A70040FE43 /* UIButton+AFNetworking.m */; };
		6E3319D8182D08A70040FE43 /* UIImageView+AFNetworking.m in Sources */ = {isa = PBXBuildFile; fileRef = 6E3319CE182D08A70040FE43 /* UIImageView+AFNetworking.m */; };
		6E3319D9182D08A70040FE43 /* UIProgressView+AFNetworking.m in Sources */ = {isa = PBXBuildFile; fileRef = 6E3319D1182D08A70040FE43 /* UIProgressView+AFNetworking.m */; };
		6E3319DA182D08A70040FE43 /* UIWebView+AFNetworking.m in Sources */ = {isa = PBXBuildFile; fileRef = 6E3319D3182D08A70040FE43 /* UIWebView+AFNetworking.m */; };
		6E3319DC182D08E00040FE43 /* CFNetwork.framework in Frameworks */ = {isa = PBXBuildFile; fileRef = 6E3319DB182D08E00040FE43 /* CFNetwork.framework */; };
		6E3319DE182D09150040FE43 /* SystemConfiguration.framework in Frameworks */ = {isa = PBXBuildFile; fileRef = 6E3319DD182D09150040FE43 /* SystemConfiguration.framework */; };
		6E3319E0182D093B0040FE43 /* Security.framework in Frameworks */ = {isa = PBXBuildFile; fileRef = 6E3319DF182D093B0040FE43 /* Security.framework */; };
		6E456113182DA72000C17825 /* SWClasesJsonService.m in Sources */ = {isa = PBXBuildFile; fileRef = 6E456112182DA72000C17825 /* SWClasesJsonService.m */; };
		6E45611D182DAC3800C17825 /* 721-bookmarks.png in Resources */ = {isa = PBXBuildFile; fileRef = 6E456115182DAC3800C17825 /* 721-bookmarks.png */; };
		6E45611E182DAC3800C17825 /* 721-bookmarks@2x.png in Resources */ = {isa = PBXBuildFile; fileRef = 6E456116182DAC3800C17825 /* 721-bookmarks@2x.png */; };
		6E45611F182DAC3800C17825 /* 779-users.png in Resources */ = {isa = PBXBuildFile; fileRef = 6E456117182DAC3800C17825 /* 779-users.png */; };
		6E456120182DAC3800C17825 /* 779-users@2x.png in Resources */ = {isa = PBXBuildFile; fileRef = 6E456118182DAC3800C17825 /* 779-users@2x.png */; };
		6E456121182DAC3800C17825 /* 782-compass.png in Resources */ = {isa = PBXBuildFile; fileRef = 6E456119182DAC3800C17825 /* 782-compass.png */; };
		6E456122182DAC3800C17825 /* 782-compass@2x.png in Resources */ = {isa = PBXBuildFile; fileRef = 6E45611A182DAC3800C17825 /* 782-compass@2x.png */; };
		6E456123182DAC3800C17825 /* 860-glasses.png in Resources */ = {isa = PBXBuildFile; fileRef = 6E45611B182DAC3800C17825 /* 860-glasses.png */; };
		6E456124182DAC3800C17825 /* 860-glasses@2x.png in Resources */ = {isa = PBXBuildFile; fileRef = 6E45611C182DAC3800C17825 /* 860-glasses@2x.png */; };
		6E6EC018181AE5D800A2C286 /* SWCellClass.m in Sources */ = {isa = PBXBuildFile; fileRef = 6E6EC017181AE5D800A2C286 /* SWCellClass.m */; };
		6E7D8AE7182D56BC00A1C7F2 /* MBProgressHUD.m in Sources */ = {isa = PBXBuildFile; fileRef = 6E7D8AE4182D56BC00A1C7F2 /* MBProgressHUD.m */; };
		6E7D8AE8182D56BC00A1C7F2 /* BaseXmlParser.m in Sources */ = {isa = PBXBuildFile; fileRef = 6E7D8AE6182D56BC00A1C7F2 /* BaseXmlParser.m */; };
		6E7D8AEC182D5C8D00A1C7F2 /* SWClasesXmlService.m in Sources */ = {isa = PBXBuildFile; fileRef = 6E7D8AEB182D5C8D00A1C7F2 /* SWClasesXmlService.m */; };
		6E9CC3E918365822002DCFDF /* SWResourcesJsonService.m in Sources */ = {isa = PBXBuildFile; fileRef = 6E9CC3E818365822002DCFDF /* SWResourcesJsonService.m */; };
		6E9CC3EC1836583C002DCFDF /* SWPostResourceService.m in Sources */ = {isa = PBXBuildFile; fileRef = 6E9CC3EB1836583C002DCFDF /* SWPostResourceService.m */; };
		6E9CC3EF183660C8002DCFDF /* SWResource.m in Sources */ = {isa = PBXBuildFile; fileRef = 6E9CC3EE183660C8002DCFDF /* SWResource.m */; };
		6E9CC3F218366156002DCFDF /* SWResourcesViewController.m in Sources */ = {isa = PBXBuildFile; fileRef = 6E9CC3F118366156002DCFDF /* SWResourcesViewController.m */; };
		6E9CC3F518366209002DCFDF /* SWWebCell.m in Sources */ = {isa = PBXBuildFile; fileRef = 6E9CC3F418366209002DCFDF /* SWWebCell.m */; };
		6E9CC3F81836625A002DCFDF /* SWAddResourceViewController.m in Sources */ = {isa = PBXBuildFile; fileRef = 6E9CC3F71836625A002DCFDF /* SWAddResourceViewController.m */; };
		6E9CC3FB18366287002DCFDF /* SWWebDetailViewController.m in Sources */ = {isa = PBXBuildFile; fileRef = 6E9CC3FA18366287002DCFDF /* SWWebDetailViewController.m */; };
		6E9CC3FE183662B4002DCFDF /* SWMapViewController.m in Sources */ = {isa = PBXBuildFile; fileRef = 6E9CC3FD183662B4002DCFDF /* SWMapViewController.m */; };
		6ECD9114181AC7C00077F71C /* UIKit.framework in Frameworks */ = {isa = PBXBuildFile; fileRef = 6ECD9113181AC7C00077F71C /* UIKit.framework */; };
		6ECD9116181AC7C00077F71C /* Foundation.framework in Frameworks */ = {isa = PBXBuildFile; fileRef = 6ECD9115181AC7C00077F71C /* Foundation.framework */; };
		6ECD9118181AC7C00077F71C /* CoreGraphics.framework in Frameworks */ = {isa = PBXBuildFile; fileRef = 6ECD9117181AC7C00077F71C /* CoreGraphics.framework */; };
		6ECD911E181AC7C00077F71C /* InfoPlist.strings in Resources */ = {isa = PBXBuildFile; fileRef = 6ECD911C181AC7C00077F71C /* InfoPlist.strings */; };
		6ECD9120181AC7C00077F71C /* main.m in Sources */ = {isa = PBXBuildFile; fileRef = 6ECD911F181AC7C00077F71C /* main.m */; };
		6ECD9124181AC7C00077F71C /* SWAppDelegate.m in Sources */ = {isa = PBXBuildFile; fileRef = 6ECD9123181AC7C00077F71C /* SWAppDelegate.m */; };
		6ECD9126181AC7C00077F71C /* Default.png in Resources */ = {isa = PBXBuildFile; fileRef = 6ECD9125181AC7C00077F71C /* Default.png */; };
		6ECD9128181AC7C00077F71C /* Default@2x.png in Resources */ = {isa = PBXBuildFile; fileRef = 6ECD9127181AC7C00077F71C /* Default@2x.png */; };
		6ECD912A181AC7C00077F71C /* Default-568h@2x.png in Resources */ = {isa = PBXBuildFile; fileRef = 6ECD9129181AC7C00077F71C /* Default-568h@2x.png */; };
		6ECD9131181AC8380077F71C /* MainStoryboard.storyboard in Resources */ = {isa = PBXBuildFile; fileRef = 6ECD9130181AC8380077F71C /* MainStoryboard.storyboard */; };
		6ECD9135181ADEA10077F71C /* SWClassesTableViewController.m in Sources */ = {isa = PBXBuildFile; fileRef = 6ECD9134181ADEA10077F71C /* SWClassesTableViewController.m */; };
		6EE0DC44181BC3DE00F8F128 /* SWClassDetailViewController.m in Sources */ = {isa = PBXBuildFile; fileRef = 6EE0DC43181BC3DE00F8F128 /* SWClassDetailViewController.m */; };
		6EEE6247182E345D003E3526 /* SWStudent.m in Sources */ = {isa = PBXBuildFile; fileRef = 6EEE6246182E345D003E3526 /* SWStudent.m */; };
		6EEE624A182E371F003E3526 /* SWStudentsJsonService.m in Sources */ = {isa = PBXBuildFile; fileRef = 6EEE6249182E371F003E3526 /* SWStudentsJsonService.m */; };
		6EEE624E182E4ADD003E3526 /* SWCellStundet.m in Sources */ = {isa = PBXBuildFile; fileRef = 6EEE624D182E4ADD003E3526 /* SWCellStundet.m */; };
		6EEE6251182E4E14003E3526 /* SWStudentsTableViewController.m in Sources */ = {isa = PBXBuildFile; fileRef = 6EEE6250182E4E14003E3526 /* SWStudentsTableViewController.m */; };
		6EEE6253182E55BB003E3526 /* placeholder.JPG in Resources */ = {isa = PBXBuildFile; fileRef = 6EEE6252182E55BB003E3526 /* placeholder.JPG */; };
		6EF389AC181BA9CB005C99E2 /* SWClass.m in Sources */ = {isa = PBXBuildFile; fileRef = 6EF389AB181BA9CB005C99E2 /* SWClass.m */; };
		6EF418281836CBE5001D5B25 /* SWMapPin.m in Sources */ = {isa = PBXBuildFile; fileRef = 6EF418271836CBE5001D5B25 /* SWMapPin.m */; };
		6EF4182B1836CF48001D5B25 /* SWLocationManager.m in Sources */ = {isa = PBXBuildFile; fileRef = 6EF4182A1836CF48001D5B25 /* SWLocationManager.m */; };
		6EF4182E1836D049001D5B25 /* AudioStreamer.m in Sources */ = {isa = PBXBuildFile; fileRef = 6EF4182D1836D049001D5B25 /* AudioStreamer.m */; };
		6EF418301836D072001D5B25 /* MapKit.framework in Frameworks */ = {isa = PBXBuildFile; fileRef = 6EF4182F1836D072001D5B25 /* MapKit.framework */; };
		6EF418321836D07A001D5B25 /* CoreLocation.framework in Frameworks */ = {isa = PBXBuildFile; fileRef = 6EF418311836D07A001D5B25 /* CoreLocation.framework */; };
		6EF418341836D083001D5B25 /* AVFoundation.framework in Frameworks */ = {isa = PBXBuildFile; fileRef = 6EF418331836D083001D5B25 /* AVFoundation.framework */; };
		6EF418361836D1EE001D5B25 /* AudioToolbox.framework in Frameworks */ = {isa = PBXBuildFile; fileRef = 6EF418351836D1EE001D5B25 /* AudioToolbox.framework */; };
/* End PBXBuildFile section */

/* Begin PBXFileReference section */
		6E2167A0181BDFEE000C7D57 /* db.sqlite */ = {isa = PBXFileReference; lastKnownFileType = file; path = db.sqlite; sourceTree = "<group>"; };
		6E2167A1181BE014000C7D57 /* SQLiteAccess.h */ = {isa = PBXFileReference; fileEncoding = 4; lastKnownFileType = sourcecode.c.h; path = SQLiteAccess.h; sourceTree = "<group>"; };
		6E2167A2181BE014000C7D57 /* SQLiteAccess.m */ = {isa = PBXFileReference; fileEncoding = 4; lastKnownFileType = sourcecode.c.objc; path = SQLiteAccess.m; sourceTree = "<group>"; };
		6E2167A4181BE1FD000C7D57 /* libsqlite3.dylib */ = {isa = PBXFileReference; lastKnownFileType = "compiled.mach-o.dylib"; name = libsqlite3.dylib; path = usr/lib/libsqlite3.dylib; sourceTree = SDKROOT; };
		6E2167A6181BE390000C7D57 /* SQLiteAccess+Curso.h */ = {isa = PBXFileReference; fileEncoding = 4; lastKnownFileType = sourcecode.c.h; name = "SQLiteAccess+Curso.h"; path = "Shared/SQLiteAccess+Curso.h"; sourceTree = "<group>"; };
		6E2167A7181BE390000C7D57 /* SQLiteAccess+Curso.m */ = {isa = PBXFileReference; fileEncoding = 4; lastKnownFileType = sourcecode.c.objc; name = "SQLiteAccess+Curso.m"; path = "Shared/SQLiteAccess+Curso.m"; sourceTree = "<group>"; };
		6E3319A8182D08960040FE43 /* AFHTTPRequestOperation.h */ = {isa = PBXFileReference; fileEncoding = 4; lastKnownFileType = sourcecode.c.h; path = AFHTTPRequestOperation.h; sourceTree = "<group>"; };
		6E3319A9182D08960040FE43 /* AFHTTPRequestOperation.m */ = {isa = PBXFileReference; fileEncoding = 4; lastKnownFileType = sourcecode.c.objc; path = AFHTTPRequestOperation.m; sourceTree = "<group>"; };
		6E3319AA182D08960040FE43 /* AFHTTPRequestOperationManager.h */ = {isa = PBXFileReference; fileEncoding = 4; lastKnownFileType = sourcecode.c.h; path = AFHTTPRequestOperationManager.h; sourceTree = "<group>"; };
		6E3319AB182D08960040FE43 /* AFHTTPRequestOperationManager.m */ = {isa = PBXFileReference; fileEncoding = 4; lastKnownFileType = sourcecode.c.objc; path = AFHTTPRequestOperationManager.m; sourceTree = "<group>"; };
		6E3319AC182D08960040FE43 /* AFHTTPSessionManager.h */ = {isa = PBXFileReference; fileEncoding = 4; lastKnownFileType = sourcecode.c.h; path = AFHTTPSessionManager.h; sourceTree = "<group>"; };
		6E3319AD182D08960040FE43 /* AFHTTPSessionManager.m */ = {isa = PBXFileReference; fileEncoding = 4; lastKnownFileType = sourcecode.c.objc; path = AFHTTPSessionManager.m; sourceTree = "<group>"; };
		6E3319AE182D08960040FE43 /* AFNetworking.h */ = {isa = PBXFileReference; fileEncoding = 4; lastKnownFileType = sourcecode.c.h; path = AFNetworking.h; sourceTree = "<group>"; };
		6E3319AF182D08960040FE43 /* AFNetworkReachabilityManager.h */ = {isa = PBXFileReference; fileEncoding = 4; lastKnownFileType = sourcecode.c.h; path = AFNetworkReachabilityManager.h; sourceTree = "<group>"; };
		6E3319B0182D08960040FE43 /* AFNetworkReachabilityManager.m */ = {isa = PBXFileReference; fileEncoding = 4; lastKnownFileType = sourcecode.c.objc; path = AFNetworkReachabilityManager.m; sourceTree = "<group>"; };
		6E3319B1182D08960040FE43 /* AFSecurityPolicy.h */ = {isa = PBXFileReference; fileEncoding = 4; lastKnownFileType = sourcecode.c.h; path = AFSecurityPolicy.h; sourceTree = "<group>"; };
		6E3319B2182D08960040FE43 /* AFSecurityPolicy.m */ = {isa = PBXFileReference; fileEncoding = 4; lastKnownFileType = sourcecode.c.objc; path = AFSecurityPolicy.m; sourceTree = "<group>"; };
		6E3319B3182D08960040FE43 /* AFURLConnectionOperation.h */ = {isa = PBXFileReference; fileEncoding = 4; lastKnownFileType = sourcecode.c.h; path = AFURLConnectionOperation.h; sourceTree = "<group>"; };
		6E3319B4182D08960040FE43 /* AFURLConnectionOperation.m */ = {isa = PBXFileReference; fileEncoding = 4; lastKnownFileType = sourcecode.c.objc; path = AFURLConnectionOperation.m; sourceTree = "<group>"; };
		6E3319B5182D08960040FE43 /* AFURLRequestSerialization.h */ = {isa = PBXFileReference; fileEncoding = 4; lastKnownFileType = sourcecode.c.h; path = AFURLRequestSerialization.h; sourceTree = "<group>"; };
		6E3319B6182D08960040FE43 /* AFURLRequestSerialization.m */ = {isa = PBXFileReference; fileEncoding = 4; lastKnownFileType = sourcecode.c.objc; path = AFURLRequestSerialization.m; sourceTree = "<group>"; };
		6E3319B7182D08960040FE43 /* AFURLResponseSerialization.h */ = {isa = PBXFileReference; fileEncoding = 4; lastKnownFileType = sourcecode.c.h; path = AFURLResponseSerialization.h; sourceTree = "<group>"; };
		6E3319B8182D08960040FE43 /* AFURLResponseSerialization.m */ = {isa = PBXFileReference; fileEncoding = 4; lastKnownFileType = sourcecode.c.objc; path = AFURLResponseSerialization.m; sourceTree = "<group>"; };
		6E3319B9182D08960040FE43 /* AFURLSessionManager.h */ = {isa = PBXFileReference; fileEncoding = 4; lastKnownFileType = sourcecode.c.h; path = AFURLSessionManager.h; sourceTree = "<group>"; };
		6E3319BA182D08960040FE43 /* AFURLSessionManager.m */ = {isa = PBXFileReference; fileEncoding = 4; lastKnownFileType = sourcecode.c.objc; path = AFURLSessionManager.m; sourceTree = "<group>"; };
		6E3319C5182D08A70040FE43 /* AFNetworkActivityIndicatorManager.h */ = {isa = PBXFileReference; fileEncoding = 4; lastKnownFileType = sourcecode.c.h; path = AFNetworkActivityIndicatorManager.h; sourceTree = "<group>"; };
		6E3319C6182D08A70040FE43 /* AFNetworkActivityIndicatorManager.m */ = {isa = PBXFileReference; fileEncoding = 4; lastKnownFileType = sourcecode.c.objc; path = AFNetworkActivityIndicatorManager.m; sourceTree = "<group>"; };
		6E3319C7182D08A70040FE43 /* UIActivityIndicatorView+AFNetworking.h */ = {isa = PBXFileReference; fileEncoding = 4; lastKnownFileType = sourcecode.c.h; path = "UIActivityIndicatorView+AFNetworking.h"; sourceTree = "<group>"; };
		6E3319C8182D08A70040FE43 /* UIActivityIndicatorView+AFNetworking.m */ = {isa = PBXFileReference; fileEncoding = 4; lastKnownFileType = sourcecode.c.objc; path = "UIActivityIndicatorView+AFNetworking.m"; sourceTree = "<group>"; };
		6E3319C9182D08A70040FE43 /* UIAlertView+AFNetworking.h */ = {isa = PBXFileReference; fileEncoding = 4; lastKnownFileType = sourcecode.c.h; path = "UIAlertView+AFNetworking.h"; sourceTree = "<group>"; };
		6E3319CA182D08A70040FE43 /* UIAlertView+AFNetworking.m */ = {isa = PBXFileReference; fileEncoding = 4; lastKnownFileType = sourcecode.c.objc; path = "UIAlertView+AFNetworking.m"; sourceTree = "<group>"; };
		6E3319CB182D08A70040FE43 /* UIButton+AFNetworking.h */ = {isa = PBXFileReference; fileEncoding = 4; lastKnownFileType = sourcecode.c.h; path = "UIButton+AFNetworking.h"; sourceTree = "<group>"; };
		6E3319CC182D08A70040FE43 /* UIButton+AFNetworking.m */ = {isa = PBXFileReference; fileEncoding = 4; lastKnownFileType = sourcecode.c.objc; path = "UIButton+AFNetworking.m"; sourceTree = "<group>"; };
		6E3319CD182D08A70040FE43 /* UIImageView+AFNetworking.h */ = {isa = PBXFileReference; fileEncoding = 4; lastKnownFileType = sourcecode.c.h; path = "UIImageView+AFNetworking.h"; sourceTree = "<group>"; };
		6E3319CE182D08A70040FE43 /* UIImageView+AFNetworking.m */ = {isa = PBXFileReference; fileEncoding = 4; lastKnownFileType = sourcecode.c.objc; path = "UIImageView+AFNetworking.m"; sourceTree = "<group>"; };
		6E3319CF182D08A70040FE43 /* UIKit+AFNetworking.h */ = {isa = PBXFileReference; fileEncoding = 4; lastKnownFileType = sourcecode.c.h; path = "UIKit+AFNetworking.h"; sourceTree = "<group>"; };
		6E3319D0182D08A70040FE43 /* UIProgressView+AFNetworking.h */ = {isa = PBXFileReference; fileEncoding = 4; lastKnownFileType = sourcecode.c.h; path = "UIProgressView+AFNetworking.h"; sourceTree = "<group>"; };
		6E3319D1182D08A70040FE43 /* UIProgressView+AFNetworking.m */ = {isa = PBXFileReference; fileEncoding = 4; lastKnownFileType = sourcecode.c.objc; path = "UIProgressView+AFNetworking.m"; sourceTree = "<group>"; };
		6E3319D2182D08A70040FE43 /* UIWebView+AFNetworking.h */ = {isa = PBXFileReference; fileEncoding = 4; lastKnownFileType = sourcecode.c.h; path = "UIWebView+AFNetworking.h"; sourceTree = "<group>"; };
		6E3319D3182D08A70040FE43 /* UIWebView+AFNetworking.m */ = {isa = PBXFileReference; fileEncoding = 4; lastKnownFileType = sourcecode.c.objc; path = "UIWebView+AFNetworking.m"; sourceTree = "<group>"; };
		6E3319DB182D08E00040FE43 /* CFNetwork.framework */ = {isa = PBXFileReference; lastKnownFileType = wrapper.framework; name = CFNetwork.framework; path = System/Library/Frameworks/CFNetwork.framework; sourceTree = SDKROOT; };
		6E3319DD182D09150040FE43 /* SystemConfiguration.framework */ = {isa = PBXFileReference; lastKnownFileType = wrapper.framework; name = SystemConfiguration.framework; path = System/Library/Frameworks/SystemConfiguration.framework; sourceTree = SDKROOT; };
		6E3319DF182D093B0040FE43 /* Security.framework */ = {isa = PBXFileReference; lastKnownFileType = wrapper.framework; name = Security.framework; path = System/Library/Frameworks/Security.framework; sourceTree = SDKROOT; };
		6E456111182DA72000C17825 /* SWClasesJsonService.h */ = {isa = PBXFileReference; fileEncoding = 4; lastKnownFileType = sourcecode.c.h; name = SWClasesJsonService.h; path = WebServices/SWClasesJsonService.h; sourceTree = "<group>"; };
		6E456112182DA72000C17825 /* SWClasesJsonService.m */ = {isa = PBXFileReference; fileEncoding = 4; lastKnownFileType = sourcecode.c.objc; name = SWClasesJsonService.m; path = WebServices/SWClasesJsonService.m; sourceTree = "<group>"; };
		6E456115182DAC3800C17825 /* 721-bookmarks.png */ = {isa = PBXFileReference; lastKnownFileType = image.png; path = "721-bookmarks.png"; sourceTree = "<group>"; };
		6E456116182DAC3800C17825 /* 721-bookmarks@2x.png */ = {isa = PBXFileReference; lastKnownFileType = image.png; path = "721-bookmarks@2x.png"; sourceTree = "<group>"; };
		6E456117182DAC3800C17825 /* 779-users.png */ = {isa = PBXFileReference; lastKnownFileType = image.png; path = "779-users.png"; sourceTree = "<group>"; };
		6E456118182DAC3800C17825 /* 779-users@2x.png */ = {isa = PBXFileReference; lastKnownFileType = image.png; path = "779-users@2x.png"; sourceTree = "<group>"; };
		6E456119182DAC3800C17825 /* 782-compass.png */ = {isa = PBXFileReference; lastKnownFileType = image.png; path = "782-compass.png"; sourceTree = "<group>"; };
		6E45611A182DAC3800C17825 /* 782-compass@2x.png */ = {isa = PBXFileReference; lastKnownFileType = image.png; path = "782-compass@2x.png"; sourceTree = "<group>"; };
		6E45611B182DAC3800C17825 /* 860-glasses.png */ = {isa = PBXFileReference; lastKnownFileType = image.png; path = "860-glasses.png"; sourceTree = "<group>"; };
		6E45611C182DAC3800C17825 /* 860-glasses@2x.png */ = {isa = PBXFileReference; lastKnownFileType = image.png; path = "860-glasses@2x.png"; sourceTree = "<group>"; };
		6E6EC016181AE5D800A2C286 /* SWCellClass.h */ = {isa = PBXFileReference; fileEncoding = 4; lastKnownFileType = sourcecode.c.h; name = SWCellClass.h; path = Cells/SWCellClass.h; sourceTree = "<group>"; };
		6E6EC017181AE5D800A2C286 /* SWCellClass.m */ = {isa = PBXFileReference; fileEncoding = 4; lastKnownFileType = sourcecode.c.objc; name = SWCellClass.m; path = Cells/SWCellClass.m; sourceTree = "<group>"; };
		6E7D8AE3182D56BC00A1C7F2 /* MBProgressHUD.h */ = {isa = PBXFileReference; fileEncoding = 4; lastKnownFileType = sourcecode.c.h; path = MBProgressHUD.h; sourceTree = "<group>"; };
		6E7D8AE4182D56BC00A1C7F2 /* MBProgressHUD.m */ = {isa = PBXFileReference; fileEncoding = 4; lastKnownFileType = sourcecode.c.objc; path = MBProgressHUD.m; sourceTree = "<group>"; };
		6E7D8AE5182D56BC00A1C7F2 /* BaseXmlParser.h */ = {isa = PBXFileReference; fileEncoding = 4; lastKnownFileType = sourcecode.c.h; path = BaseXmlParser.h; sourceTree = "<group>"; };
		6E7D8AE6182D56BC00A1C7F2 /* BaseXmlParser.m */ = {isa = PBXFileReference; fileEncoding = 4; lastKnownFileType = sourcecode.c.objc; path = BaseXmlParser.m; sourceTree = "<group>"; };
		6E7D8AEA182D5C8D00A1C7F2 /* SWClasesXmlService.h */ = {isa = PBXFileReference; fileEncoding = 4; lastKnownFileType = sourcecode.c.h; name = SWClasesXmlService.h; path = WebServices/SWClasesXmlService.h; sourceTree = "<group>"; };
		6E7D8AEB182D5C8D00A1C7F2 /* SWClasesXmlService.m */ = {isa = PBXFileReference; fileEncoding = 4; lastKnownFileType = sourcecode.c.objc; name = SWClasesXmlService.m; path = WebServices/SWClasesXmlService.m; sourceTree = "<group>"; };
		6E9CC3E718365822002DCFDF /* SWResourcesJsonService.h */ = {isa = PBXFileReference; fileEncoding = 4; lastKnownFileType = sourcecode.c.h; name = SWResourcesJsonService.h; path = WebServices/SWResourcesJsonService.h; sourceTree = "<group>"; };
		6E9CC3E818365822002DCFDF /* SWResourcesJsonService.m */ = {isa = PBXFileReference; fileEncoding = 4; lastKnownFileType = sourcecode.c.objc; name = SWResourcesJsonService.m; path = WebServices/SWResourcesJsonService.m; sourceTree = "<group>"; };
		6E9CC3EA1836583C002DCFDF /* SWPostResourceService.h */ = {isa = PBXFileReference; fileEncoding = 4; lastKnownFileType = sourcecode.c.h; name = SWPostResourceService.h; path = WebServices/SWPostResourceService.h; sourceTree = "<group>"; };
		6E9CC3EB1836583C002DCFDF /* SWPostResourceService.m */ = {isa = PBXFileReference; fileEncoding = 4; lastKnownFileType = sourcecode.c.objc; name = SWPostResourceService.m; path = WebServices/SWPostResourceService.m; sourceTree = "<group>"; };
		6E9CC3ED183660C8002DCFDF /* SWResource.h */ = {isa = PBXFileReference; fileEncoding = 4; lastKnownFileType = sourcecode.c.h; name = SWResource.h; path = Models/SWResource.h; sourceTree = "<group>"; };
		6E9CC3EE183660C8002DCFDF /* SWResource.m */ = {isa = PBXFileReference; fileEncoding = 4; lastKnownFileType = sourcecode.c.objc; name = SWResource.m; path = Models/SWResource.m; sourceTree = "<group>"; };
		6E9CC3F018366156002DCFDF /* SWResourcesViewController.h */ = {isa = PBXFileReference; fileEncoding = 4; lastKnownFileType = sourcecode.c.h; name = SWResourcesViewController.h; path = Controllers/SWResourcesViewController.h; sourceTree = "<group>"; };
		6E9CC3F118366156002DCFDF /* SWResourcesViewController.m */ = {isa = PBXFileReference; fileEncoding = 4; lastKnownFileType = sourcecode.c.objc; name = SWResourcesViewController.m; path = Controllers/SWResourcesViewController.m; sourceTree = "<group>"; };
		6E9CC3F318366209002DCFDF /* SWWebCell.h */ = {isa = PBXFileReference; fileEncoding = 4; lastKnownFileType = sourcecode.c.h; name = SWWebCell.h; path = Models/SWWebCell.h; sourceTree = "<group>"; };
		6E9CC3F418366209002DCFDF /* SWWebCell.m */ = {isa = PBXFileReference; fileEncoding = 4; lastKnownFileType = sourcecode.c.objc; name = SWWebCell.m; path = Models/SWWebCell.m; sourceTree = "<group>"; };
		6E9CC3F61836625A002DCFDF /* SWAddResourceViewController.h */ = {isa = PBXFileReference; fileEncoding = 4; lastKnownFileType = sourcecode.c.h; name = SWAddResourceViewController.h; path = Controllers/SWAddResourceViewController.h; sourceTree = "<group>"; };
		6E9CC3F71836625A002DCFDF /* SWAddResourceViewController.m */ = {isa = PBXFileReference; fileEncoding = 4; lastKnownFileType = sourcecode.c.objc; name = SWAddResourceViewController.m; path = Controllers/SWAddResourceViewController.m; sourceTree = "<group>"; };
		6E9CC3F918366287002DCFDF /* SWWebDetailViewController.h */ = {isa = PBXFileReference; fileEncoding = 4; lastKnownFileType = sourcecode.c.h; name = SWWebDetailViewController.h; path = Controllers/SWWebDetailViewController.h; sourceTree = "<group>"; };
		6E9CC3FA18366287002DCFDF /* SWWebDetailViewController.m */ = {isa = PBXFileReference; fileEncoding = 4; lastKnownFileType = sourcecode.c.objc; name = SWWebDetailViewController.m; path = Controllers/SWWebDetailViewController.m; sourceTree = "<group>"; };
		6E9CC3FC183662B4002DCFDF /* SWMapViewController.h */ = {isa = PBXFileReference; fileEncoding = 4; lastKnownFileType = sourcecode.c.h; name = SWMapViewController.h; path = Controllers/SWMapViewController.h; sourceTree = "<group>"; };
		6E9CC3FD183662B4002DCFDF /* SWMapViewController.m */ = {isa = PBXFileReference; fileEncoding = 4; lastKnownFileType = sourcecode.c.objc; name = SWMapViewController.m; path = Controllers/SWMapViewController.m; sourceTree = "<group>"; };
		6ECD9110181AC7C00077F71C /* CursoiOS.app */ = {isa = PBXFileReference; explicitFileType = wrapper.application; includeInIndex = 0; path = CursoiOS.app; sourceTree = BUILT_PRODUCTS_DIR; };
		6ECD9113181AC7C00077F71C /* UIKit.framework */ = {isa = PBXFileReference; lastKnownFileType = wrapper.framework; name = UIKit.framework; path = System/Library/Frameworks/UIKit.framework; sourceTree = SDKROOT; };
		6ECD9115181AC7C00077F71C /* Foundation.framework */ = {isa = PBXFileReference; lastKnownFileType = wrapper.framework; name = Foundation.framework; path = System/Library/Frameworks/Foundation.framework; sourceTree = SDKROOT; };
		6ECD9117181AC7C00077F71C /* CoreGraphics.framework */ = {isa = PBXFileReference; lastKnownFileType = wrapper.framework; name = CoreGraphics.framework; path = System/Library/Frameworks/CoreGraphics.framework; sourceTree = SDKROOT; };
		6ECD911B181AC7C00077F71C /* CursoiOS-Info.plist */ = {isa = PBXFileReference; lastKnownFileType = text.plist.xml; path = "CursoiOS-Info.plist"; sourceTree = "<group>"; };
		6ECD911D181AC7C00077F71C /* en */ = {isa = PBXFileReference; lastKnownFileType = text.plist.strings; name = en; path = en.lproj/InfoPlist.strings; sourceTree = "<group>"; };
		6ECD911F181AC7C00077F71C /* main.m */ = {isa = PBXFileReference; lastKnownFileType = sourcecode.c.objc; path = main.m; sourceTree = "<group>"; };
		6ECD9121181AC7C00077F71C /* CursoiOS-Prefix.pch */ = {isa = PBXFileReference; lastKnownFileType = sourcecode.c.h; path = "CursoiOS-Prefix.pch"; sourceTree = "<group>"; };
		6ECD9122181AC7C00077F71C /* SWAppDelegate.h */ = {isa = PBXFileReference; lastKnownFileType = sourcecode.c.h; path = SWAppDelegate.h; sourceTree = "<group>"; };
		6ECD9123181AC7C00077F71C /* SWAppDelegate.m */ = {isa = PBXFileReference; lastKnownFileType = sourcecode.c.objc; path = SWAppDelegate.m; sourceTree = "<group>"; };
		6ECD9125181AC7C00077F71C /* Default.png */ = {isa = PBXFileReference; lastKnownFileType = image.png; path = Default.png; sourceTree = "<group>"; };
		6ECD9127181AC7C00077F71C /* Default@2x.png */ = {isa = PBXFileReference; lastKnownFileType = image.png; path = "Default@2x.png"; sourceTree = "<group>"; };
		6ECD9129181AC7C00077F71C /* Default-568h@2x.png */ = {isa = PBXFileReference; lastKnownFileType = image.png; path = "Default-568h@2x.png"; sourceTree = "<group>"; };
		6ECD9130181AC8380077F71C /* MainStoryboard.storyboard */ = {isa = PBXFileReference; fileEncoding = 4; lastKnownFileType = file.storyboard; path = MainStoryboard.storyboard; sourceTree = "<group>"; };
		6ECD9133181ADEA10077F71C /* SWClassesTableViewController.h */ = {isa = PBXFileReference; fileEncoding = 4; lastKnownFileType = sourcecode.c.h; name = SWClassesTableViewController.h; path = Controllers/SWClassesTableViewController.h; sourceTree = "<group>"; };
		6ECD9134181ADEA10077F71C /* SWClassesTableViewController.m */ = {isa = PBXFileReference; fileEncoding = 4; lastKnownFileType = sourcecode.c.objc; name = SWClassesTableViewController.m; path = Controllers/SWClassesTableViewController.m; sourceTree = "<group>"; };
		6EE0DC42181BC3DE00F8F128 /* SWClassDetailViewController.h */ = {isa = PBXFileReference; fileEncoding = 4; lastKnownFileType = sourcecode.c.h; name = SWClassDetailViewController.h; path = Controllers/SWClassDetailViewController.h; sourceTree = "<group>"; };
		6EE0DC43181BC3DE00F8F128 /* SWClassDetailViewController.m */ = {isa = PBXFileReference; fileEncoding = 4; lastKnownFileType = sourcecode.c.objc; name = SWClassDetailViewController.m; path = Controllers/SWClassDetailViewController.m; sourceTree = "<group>"; };
		6EEE6245182E345D003E3526 /* SWStudent.h */ = {isa = PBXFileReference; fileEncoding = 4; lastKnownFileType = sourcecode.c.h; name = SWStudent.h; path = Models/SWStudent.h; sourceTree = "<group>"; };
		6EEE6246182E345D003E3526 /* SWStudent.m */ = {isa = PBXFileReference; fileEncoding = 4; lastKnownFileType = sourcecode.c.objc; name = SWStudent.m; path = Models/SWStudent.m; sourceTree = "<group>"; };
		6EEE6248182E371F003E3526 /* SWStudentsJsonService.h */ = {isa = PBXFileReference; fileEncoding = 4; lastKnownFileType = sourcecode.c.h; name = SWStudentsJsonService.h; path = WebServices/SWStudentsJsonService.h; sourceTree = "<group>"; };
		6EEE6249182E371F003E3526 /* SWStudentsJsonService.m */ = {isa = PBXFileReference; fileEncoding = 4; lastKnownFileType = sourcecode.c.objc; name = SWStudentsJsonService.m; path = WebServices/SWStudentsJsonService.m; sourceTree = "<group>"; };
		6EEE624C182E4ADD003E3526 /* SWCellStundet.h */ = {isa = PBXFileReference; fileEncoding = 4; lastKnownFileType = sourcecode.c.h; name = SWCellStundet.h; path = Cells/SWCellStundet.h; sourceTree = "<group>"; };
		6EEE624D182E4ADD003E3526 /* SWCellStundet.m */ = {isa = PBXFileReference; fileEncoding = 4; lastKnownFileType = sourcecode.c.objc; name = SWCellStundet.m; path = Cells/SWCellStundet.m; sourceTree = "<group>"; };
		6EEE624F182E4E14003E3526 /* SWStudentsTableViewController.h */ = {isa = PBXFileReference; fileEncoding = 4; lastKnownFileType = sourcecode.c.h; name = SWStudentsTableViewController.h; path = Controllers/SWStudentsTableViewController.h; sourceTree = "<group>"; };
		6EEE6250182E4E14003E3526 /* SWStudentsTableViewController.m */ = {isa = PBXFileReference; fileEncoding = 4; lastKnownFileType = sourcecode.c.objc; name = SWStudentsTableViewController.m; path = Controllers/SWStudentsTableViewController.m; sourceTree = "<group>"; };
		6EEE6252182E55BB003E3526 /* placeholder.JPG */ = {isa = PBXFileReference; lastKnownFileType = image.jpeg; path = placeholder.JPG; sourceTree = "<group>"; };
		6EF389AA181BA9CB005C99E2 /* SWClass.h */ = {isa = PBXFileReference; fileEncoding = 4; lastKnownFileType = sourcecode.c.h; name = SWClass.h; path = Models/SWClass.h; sourceTree = "<group>"; };
		6EF389AB181BA9CB005C99E2 /* SWClass.m */ = {isa = PBXFileReference; fileEncoding = 4; lastKnownFileType = sourcecode.c.objc; name = SWClass.m; path = Models/SWClass.m; sourceTree = "<group>"; };
		6EF418261836CBE5001D5B25 /* SWMapPin.h */ = {isa = PBXFileReference; fileEncoding = 4; lastKnownFileType = sourcecode.c.h; path = SWMapPin.h; sourceTree = "<group>"; };
		6EF418271836CBE5001D5B25 /* SWMapPin.m */ = {isa = PBXFileReference; fileEncoding = 4; lastKnownFileType = sourcecode.c.objc; path = SWMapPin.m; sourceTree = "<group>"; };
		6EF418291836CF48001D5B25 /* SWLocationManager.h */ = {isa = PBXFileReference; fileEncoding = 4; lastKnownFileType = sourcecode.c.h; path = SWLocationManager.h; sourceTree = "<group>"; };
		6EF4182A1836CF48001D5B25 /* SWLocationManager.m */ = {isa = PBXFileReference; fileEncoding = 4; lastKnownFileType = sourcecode.c.objc; path = SWLocationManager.m; sourceTree = "<group>"; };
		6EF4182C1836D049001D5B25 /* AudioStreamer.h */ = {isa = PBXFileReference; fileEncoding = 4; lastKnownFileType = sourcecode.c.h; path = AudioStreamer.h; sourceTree = "<group>"; };
		6EF4182D1836D049001D5B25 /* AudioStreamer.m */ = {isa = PBXFileReference; fileEncoding = 4; lastKnownFileType = sourcecode.c.objc; path = AudioStreamer.m; sourceTree = "<group>"; };
		6EF4182F1836D072001D5B25 /* MapKit.framework */ = {isa = PBXFileReference; lastKnownFileType = wrapper.framework; name = MapKit.framework; path = System/Library/Frameworks/MapKit.framework; sourceTree = SDKROOT; };
		6EF418311836D07A001D5B25 /* CoreLocation.framework */ = {isa = PBXFileReference; lastKnownFileType = wrapper.framework; name = CoreLocation.framework; path = System/Library/Frameworks/CoreLocation.framework; sourceTree = SDKROOT; };
		6EF418331836D083001D5B25 /* AVFoundation.framework */ = {isa = PBXFileReference; lastKnownFileType = wrapper.framework; name = AVFoundation.framework; path = System/Library/Frameworks/AVFoundation.framework; sourceTree = SDKROOT; };
		6EF418351836D1EE001D5B25 /* AudioToolbox.framework */ = {isa = PBXFileReference; lastKnownFileType = wrapper.framework; name = AudioToolbox.framework; path = System/Library/Frameworks/AudioToolbox.framework; sourceTree = SDKROOT; };
/* End PBXFileReference section */

/* Begin PBXFrameworksBuildPhase section */
		6ECD910D181AC7C00077F71C /* Frameworks */ = {
			isa = PBXFrameworksBuildPhase;
			buildActionMask = 2147483647;
			files = (
				6EF418361836D1EE001D5B25 /* AudioToolbox.framework in Frameworks */,
				6EF418341836D083001D5B25 /* AVFoundation.framework in Frameworks */,
				6EF418321836D07A001D5B25 /* CoreLocation.framework in Frameworks */,
				6EF418301836D072001D5B25 /* MapKit.framework in Frameworks */,
				6E3319E0182D093B0040FE43 /* Security.framework in Frameworks */,
				6E3319DE182D09150040FE43 /* SystemConfiguration.framework in Frameworks */,
				6E3319DC182D08E00040FE43 /* CFNetwork.framework in Frameworks */,
				6E2167A5181BE1FD000C7D57 /* libsqlite3.dylib in Frameworks */,
				6ECD9114181AC7C00077F71C /* UIKit.framework in Frameworks */,
				6ECD9116181AC7C00077F71C /* Foundation.framework in Frameworks */,
				6ECD9118181AC7C00077F71C /* CoreGraphics.framework in Frameworks */,
			);
			runOnlyForDeploymentPostprocessing = 0;
		};
/* End PBXFrameworksBuildPhase section */

/* Begin PBXGroup section */
		6E21679F181BDF8B000C7D57 /* Shared */ = {
			isa = PBXGroup;
			children = (
				6EF4182C1836D049001D5B25 /* AudioStreamer.h */,
				6EF4182D1836D049001D5B25 /* AudioStreamer.m */,
				6EF418291836CF48001D5B25 /* SWLocationManager.h */,
				6EF4182A1836CF48001D5B25 /* SWLocationManager.m */,
				6E7D8AE3182D56BC00A1C7F2 /* MBProgressHUD.h */,
				6E7D8AE4182D56BC00A1C7F2 /* MBProgressHUD.m */,
				6E7D8AE5182D56BC00A1C7F2 /* BaseXmlParser.h */,
				6E7D8AE6182D56BC00A1C7F2 /* BaseXmlParser.m */,
				6E2167A1181BE014000C7D57 /* SQLiteAccess.h */,
				6E2167A2181BE014000C7D57 /* SQLiteAccess.m */,
				6E2167A6181BE390000C7D57 /* SQLiteAccess+Curso.h */,
				6E2167A7181BE390000C7D57 /* SQLiteAccess+Curso.m */,
			);
			name = Shared;
			sourceTree = "<group>";
		};
		6E33198B182D073F0040FE43 /* AFNetworking */ = {
			isa = PBXGroup;
			children = (
				6E3319C4182D08A70040FE43 /* UIKit+AFNetworking */,
				6E3319A8182D08960040FE43 /* AFHTTPRequestOperation.h */,
				6E3319A9182D08960040FE43 /* AFHTTPRequestOperation.m */,
				6E3319AA182D08960040FE43 /* AFHTTPRequestOperationManager.h */,
				6E3319AB182D08960040FE43 /* AFHTTPRequestOperationManager.m */,
				6E3319AC182D08960040FE43 /* AFHTTPSessionManager.h */,
				6E3319AD182D08960040FE43 /* AFHTTPSessionManager.m */,
				6E3319AE182D08960040FE43 /* AFNetworking.h */,
				6E3319AF182D08960040FE43 /* AFNetworkReachabilityManager.h */,
				6E3319B0182D08960040FE43 /* AFNetworkReachabilityManager.m */,
				6E3319B1182D08960040FE43 /* AFSecurityPolicy.h */,
				6E3319B2182D08960040FE43 /* AFSecurityPolicy.m */,
				6E3319B3182D08960040FE43 /* AFURLConnectionOperation.h */,
				6E3319B4182D08960040FE43 /* AFURLConnectionOperation.m */,
				6E3319B5182D08960040FE43 /* AFURLRequestSerialization.h */,
				6E3319B6182D08960040FE43 /* AFURLRequestSerialization.m */,
				6E3319B7182D08960040FE43 /* AFURLResponseSerialization.h */,
				6E3319B8182D08960040FE43 /* AFURLResponseSerialization.m */,
				6E3319B9182D08960040FE43 /* AFURLSessionManager.h */,
				6E3319BA182D08960040FE43 /* AFURLSessionManager.m */,
			);
			name = AFNetworking;
			sourceTree = "<group>";
		};
		6E3319C4182D08A70040FE43 /* UIKit+AFNetworking */ = {
			isa = PBXGroup;
			children = (
				6E3319C5182D08A70040FE43 /* AFNetworkActivityIndicatorManager.h */,
				6E3319C6182D08A70040FE43 /* AFNetworkActivityIndicatorManager.m */,
				6E3319C7182D08A70040FE43 /* UIActivityIndicatorView+AFNetworking.h */,
				6E3319C8182D08A70040FE43 /* UIActivityIndicatorView+AFNetworking.m */,
				6E3319C9182D08A70040FE43 /* UIAlertView+AFNetworking.h */,
				6E3319CA182D08A70040FE43 /* UIAlertView+AFNetworking.m */,
				6E3319CB182D08A70040FE43 /* UIButton+AFNetworking.h */,
				6E3319CC182D08A70040FE43 /* UIButton+AFNetworking.m */,
				6E3319CD182D08A70040FE43 /* UIImageView+AFNetworking.h */,
				6E3319CE182D08A70040FE43 /* UIImageView+AFNetworking.m */,
				6E3319CF182D08A70040FE43 /* UIKit+AFNetworking.h */,
				6E3319D0182D08A70040FE43 /* UIProgressView+AFNetworking.h */,
				6E3319D1182D08A70040FE43 /* UIProgressView+AFNetworking.m */,
				6E3319D2182D08A70040FE43 /* UIWebView+AFNetworking.h */,
				6E3319D3182D08A70040FE43 /* UIWebView+AFNetworking.m */,
			);
			path = "UIKit+AFNetworking";
			sourceTree = "<group>";
		};
		6E456114182DAC1200C17825 /* Images */ = {
			isa = PBXGroup;
			children = (
				6EEE6252182E55BB003E3526 /* placeholder.JPG */,
				6E456115182DAC3800C17825 /* 721-bookmarks.png */,
				6E456116182DAC3800C17825 /* 721-bookmarks@2x.png */,
				6E456117182DAC3800C17825 /* 779-users.png */,
				6E456118182DAC3800C17825 /* 779-users@2x.png */,
				6E456119182DAC3800C17825 /* 782-compass.png */,
				6E45611A182DAC3800C17825 /* 782-compass@2x.png */,
				6E45611B182DAC3800C17825 /* 860-glasses.png */,
				6E45611C182DAC3800C17825 /* 860-glasses@2x.png */,
			);
			path = Images;
			sourceTree = "<group>";
		};
		6E6EC015181AE59500A2C286 /* Cells */ = {
			isa = PBXGroup;
			children = (
				6E6EC016181AE5D800A2C286 /* SWCellClass.h */,
				6E6EC017181AE5D800A2C286 /* SWCellClass.m */,
				6EEE624C182E4ADD003E3526 /* SWCellStundet.h */,
				6EEE624D182E4ADD003E3526 /* SWCellStundet.m */,
				6E9CC3F318366209002DCFDF /* SWWebCell.h */,
				6E9CC3F418366209002DCFDF /* SWWebCell.m */,
			);
			name = Cells;
			sourceTree = "<group>";
		};
		6E7D8AE9182D5C4400A1C7F2 /* WebServices */ = {
			isa = PBXGroup;
			children = (
				6E7D8AEA182D5C8D00A1C7F2 /* SWClasesXmlService.h */,
				6E7D8AEB182D5C8D00A1C7F2 /* SWClasesXmlService.m */,
				6E456111182DA72000C17825 /* SWClasesJsonService.h */,
				6E456112182DA72000C17825 /* SWClasesJsonService.m */,
				6EEE6248182E371F003E3526 /* SWStudentsJsonService.h */,
				6EEE6249182E371F003E3526 /* SWStudentsJsonService.m */,
				6E9CC3E718365822002DCFDF /* SWResourcesJsonService.h */,
				6E9CC3E818365822002DCFDF /* SWResourcesJsonService.m */,
				6E9CC3EA1836583C002DCFDF /* SWPostResourceService.h */,
				6E9CC3EB1836583C002DCFDF /* SWPostResourceService.m */,
			);
			name = WebServices;
			sourceTree = "<group>";
		};
		6ECD9107181AC7C00077F71C = {
			isa = PBXGroup;
			children = (
				6ECD9119181AC7C00077F71C /* CursoiOS */,
				6ECD9112181AC7C00077F71C /* Frameworks */,
				6ECD9111181AC7C00077F71C /* Products */,
			);
			sourceTree = "<group>";
		};
		6ECD9111181AC7C00077F71C /* Products */ = {
			isa = PBXGroup;
			children = (
				6ECD9110181AC7C00077F71C /* CursoiOS.app */,
			);
			name = Products;
			sourceTree = "<group>";
		};
		6ECD9112181AC7C00077F71C /* Frameworks */ = {
			isa = PBXGroup;
			children = (
				6EF418351836D1EE001D5B25 /* AudioToolbox.framework */,
				6EF418331836D083001D5B25 /* AVFoundation.framework */,
				6EF418311836D07A001D5B25 /* CoreLocation.framework */,
				6EF4182F1836D072001D5B25 /* MapKit.framework */,
				6E3319DF182D093B0040FE43 /* Security.framework */,
				6E3319DD182D09150040FE43 /* SystemConfiguration.framework */,
				6E3319DB182D08E00040FE43 /* CFNetwork.framework */,
				6E2167A4181BE1FD000C7D57 /* libsqlite3.dylib */,
				6ECD9113181AC7C00077F71C /* UIKit.framework */,
				6ECD9115181AC7C00077F71C /* Foundation.framework */,
				6ECD9117181AC7C00077F71C /* CoreGraphics.framework */,
			);
			name = Frameworks;
			sourceTree = "<group>";
		};
		6ECD9119181AC7C00077F71C /* CursoiOS */ = {
			isa = PBXGroup;
			children = (
				6E7D8AE9182D5C4400A1C7F2 /* WebServices */,
				6E33198B182D073F0040FE43 /* AFNetworking */,
				6E21679F181BDF8B000C7D57 /* Shared */,
				6EF389A9181BA988005C99E2 /* Models */,
				6E6EC015181AE59500A2C286 /* Cells */,
				6ECD9132181ADE1E0077F71C /* Controllers */,
				6ECD9122181AC7C00077F71C /* SWAppDelegate.h */,
				6ECD9123181AC7C00077F71C /* SWAppDelegate.m */,
				6ECD911A181AC7C00077F71C /* Supporting Files */,
				6ECD9130181AC8380077F71C /* MainStoryboard.storyboard */,
			);
			path = CursoiOS;
			sourceTree = "<group>";
		};
		6ECD911A181AC7C00077F71C /* Supporting Files */ = {
			isa = PBXGroup;
			children = (
				6E456114182DAC1200C17825 /* Images */,
				6E2167A0181BDFEE000C7D57 /* db.sqlite */,
				6ECD911B181AC7C00077F71C /* CursoiOS-Info.plist */,
				6ECD911C181AC7C00077F71C /* InfoPlist.strings */,
				6ECD911F181AC7C00077F71C /* main.m */,
				6ECD9121181AC7C00077F71C /* CursoiOS-Prefix.pch */,
				6ECD9125181AC7C00077F71C /* Default.png */,
				6ECD9127181AC7C00077F71C /* Default@2x.png */,
				6ECD9129181AC7C00077F71C /* Default-568h@2x.png */,
			);
			name = "Supporting Files";
			sourceTree = "<group>";
		};
		6ECD9132181ADE1E0077F71C /* Controllers */ = {
			isa = PBXGroup;
			children = (
				6ECD9133181ADEA10077F71C /* SWClassesTableViewController.h */,
				6ECD9134181ADEA10077F71C /* SWClassesTableViewController.m */,
				6EE0DC42181BC3DE00F8F128 /* SWClassDetailViewController.h */,
				6EE0DC43181BC3DE00F8F128 /* SWClassDetailViewController.m */,
				6EEE624F182E4E14003E3526 /* SWStudentsTableViewController.h */,
				6EEE6250182E4E14003E3526 /* SWStudentsTableViewController.m */,
				6E9CC3F018366156002DCFDF /* SWResourcesViewController.h */,
				6E9CC3F118366156002DCFDF /* SWResourcesViewController.m */,
				6E9CC3F61836625A002DCFDF /* SWAddResourceViewController.h */,
				6E9CC3F71836625A002DCFDF /* SWAddResourceViewController.m */,
				6E9CC3F918366287002DCFDF /* SWWebDetailViewController.h */,
				6E9CC3FA18366287002DCFDF /* SWWebDetailViewController.m */,
				6E9CC3FC183662B4002DCFDF /* SWMapViewController.h */,
				6E9CC3FD183662B4002DCFDF /* SWMapViewController.m */,
			);
			name = Controllers;
			sourceTree = "<group>";
		};
		6EF389A9181BA988005C99E2 /* Models */ = {
			isa = PBXGroup;
			children = (
				6EF418261836CBE5001D5B25 /* SWMapPin.h */,
				6EF418271836CBE5001D5B25 /* SWMapPin.m */,
				6EF389AA181BA9CB005C99E2 /* SWClass.h */,
				6EF389AB181BA9CB005C99E2 /* SWClass.m */,
				6EEE6245182E345D003E3526 /* SWStudent.h */,
				6EEE6246182E345D003E3526 /* SWStudent.m */,
				6E9CC3ED183660C8002DCFDF /* SWResource.h */,
				6E9CC3EE183660C8002DCFDF /* SWResource.m */,
			);
			name = Models;
			sourceTree = "<group>";
		};
/* End PBXGroup section */

/* Begin PBXNativeTarget section */
		6ECD910F181AC7C00077F71C /* CursoiOS */ = {
			isa = PBXNativeTarget;
			buildConfigurationList = 6ECD912D181AC7C00077F71C /* Build configuration list for PBXNativeTarget "CursoiOS" */;
			buildPhases = (
				6ECD910C181AC7C00077F71C /* Sources */,
				6ECD910D181AC7C00077F71C /* Frameworks */,
				6ECD910E181AC7C00077F71C /* Resources */,
			);
			buildRules = (
			);
			dependencies = (
			);
			name = CursoiOS;
			productName = CursoiOS;
			productReference = 6ECD9110181AC7C00077F71C /* CursoiOS.app */;
			productType = "com.apple.product-type.application";
		};
/* End PBXNativeTarget section */

/* Begin PBXProject section */
		6ECD9108181AC7C00077F71C /* Project object */ = {
			isa = PBXProject;
			attributes = {
				CLASSPREFIX = SW;
				LastUpgradeCheck = 0460;
				ORGANIZATIONNAME = "Pablo Formoso Estada";
				TargetAttributes = {
					6ECD910F181AC7C00077F71C = {
						SystemCapabilities = {
							com.apple.BackgroundModes = {
								enabled = 1;
							};
						};
					};
				};
			};
			buildConfigurationList = 6ECD910B181AC7C00077F71C /* Build configuration list for PBXProject "CursoiOS" */;
			compatibilityVersion = "Xcode 3.2";
			developmentRegion = English;
			hasScannedForEncodings = 0;
			knownRegions = (
				en,
			);
			mainGroup = 6ECD9107181AC7C00077F71C;
			productRefGroup = 6ECD9111181AC7C00077F71C /* Products */;
			projectDirPath = "";
			projectRoot = "";
			targets = (
				6ECD910F181AC7C00077F71C /* CursoiOS */,
			);
		};
/* End PBXProject section */

/* Begin PBXResourcesBuildPhase section */
		6ECD910E181AC7C00077F71C /* Resources */ = {
			isa = PBXResourcesBuildPhase;
			buildActionMask = 2147483647;
			files = (
				6E456123182DAC3800C17825 /* 860-glasses.png in Resources */,
				6E2167A9181BE63F000C7D57 /* db.sqlite in Resources */,
				6E45611E182DAC3800C17825 /* 721-bookmarks@2x.png in Resources */,
				6ECD911E181AC7C00077F71C /* InfoPlist.strings in Resources */,
				6E456121182DAC3800C17825 /* 782-compass.png in Resources */,
				6ECD9126181AC7C00077F71C /* Default.png in Resources */,
				6ECD9128181AC7C00077F71C /* Default@2x.png in Resources */,
				6EEE6253182E55BB003E3526 /* placeholder.JPG in Resources */,
				6E456120182DAC3800C17825 /* 779-users@2x.png in Resources */,
				6ECD912A181AC7C00077F71C /* Default-568h@2x.png in Resources */,
				6ECD9131181AC8380077F71C /* MainStoryboard.storyboard in Resources */,
				6E456124182DAC3800C17825 /* 860-glasses@2x.png in Resources */,
				6E45611D182DAC3800C17825 /* 721-bookmarks.png in Resources */,
				6E45611F182DAC3800C17825 /* 779-users.png in Resources */,
				6E456122182DAC3800C17825 /* 782-compass@2x.png in Resources */,
			);
			runOnlyForDeploymentPostprocessing = 0;
		};
/* End PBXResourcesBuildPhase section */

/* Begin PBXSourcesBuildPhase section */
		6ECD910C181AC7C00077F71C /* Sources */ = {
			isa = PBXSourcesBuildPhase;
			buildActionMask = 2147483647;
			files = (
				6E3319C3182D08960040FE43 /* AFURLSessionManager.m in Sources */,
				6E3319C0182D08960040FE43 /* AFURLConnectionOperation.m in Sources */,
				6E3319D7182D08A70040FE43 /* UIButton+AFNetworking.m in Sources */,
				6E9CC3EC1836583C002DCFDF /* SWPostResourceService.m in Sources */,
				6E9CC3F81836625A002DCFDF /* SWAddResourceViewController.m in Sources */,
				6E3319D9182D08A70040FE43 /* UIProgressView+AFNetworking.m in Sources */,
				6E3319BB182D08960040FE43 /* AFHTTPRequestOperation.m in Sources */,
				6EEE6251182E4E14003E3526 /* SWStudentsTableViewController.m in Sources */,
				6ECD9120181AC7C00077F71C /* main.m in Sources */,
				6E3319D6182D08A70040FE43 /* UIAlertView+AFNetworking.m in Sources */,
				6E7D8AEC182D5C8D00A1C7F2 /* SWClasesXmlService.m in Sources */,
				6E9CC3F218366156002DCFDF /* SWResourcesViewController.m in Sources */,
				6E9CC3E918365822002DCFDF /* SWResourcesJsonService.m in Sources */,
				6E3319BC182D08960040FE43 /* AFHTTPRequestOperationManager.m in Sources */,
				6ECD9124181AC7C00077F71C /* SWAppDelegate.m in Sources */,
				6E9CC3FE183662B4002DCFDF /* SWMapViewController.m in Sources */,
				6E2167A8181BE390000C7D57 /* SQLiteAccess+Curso.m in Sources */,
				6E3319D8182D08A70040FE43 /* UIImageView+AFNetworking.m in Sources */,
				6E3319BD182D08960040FE43 /* AFHTTPSessionManager.m in Sources */,
				6E3319D5182D08A70040FE43 /* UIActivityIndicatorView+AFNetworking.m in Sources */,
				6E9CC3F518366209002DCFDF /* SWWebCell.m in Sources */,
				6E3319D4182D08A70040FE43 /* AFNetworkActivityIndicatorManager.m in Sources */,
				6EF4182E1836D049001D5B25 /* AudioStreamer.m in Sources */,
				6ECD9135181ADEA10077F71C /* SWClassesTableViewController.m in Sources */,
				6E6EC018181AE5D800A2C286 /* SWCellClass.m in Sources */,
				6EF389AC181BA9CB005C99E2 /* SWClass.m in Sources */,
				6E7D8AE7182D56BC00A1C7F2 /* MBProgressHUD.m in Sources */,
				6E3319BF182D08960040FE43 /* AFSecurityPolicy.m in Sources */,
				6EEE6247182E345D003E3526 /* SWStudent.m in Sources */,
				6E9CC3FB18366287002DCFDF /* SWWebDetailViewController.m in Sources */,
				6EEE624A182E371F003E3526 /* SWStudentsJsonService.m in Sources */,
				6E456113182DA72000C17825 /* SWClasesJsonService.m in Sources */,
				6EE0DC44181BC3DE00F8F128 /* SWClassDetailViewController.m in Sources */,
				6E3319C1182D08960040FE43 /* AFURLRequestSerialization.m in Sources */,
				6E9CC3EF183660C8002DCFDF /* SWResource.m in Sources */,
				6E3319DA182D08A70040FE43 /* UIWebView+AFNetworking.m in Sources */,
				6E3319BE182D08960040FE43 /* AFNetworkReachabilityManager.m in Sources */,
				6EF4182B1836CF48001D5B25 /* SWLocationManager.m in Sources */,
				6E3319C2182D08960040FE43 /* AFURLResponseSerialization.m in Sources */,
				6EF418281836CBE5001D5B25 /* SWMapPin.m in Sources */,
				6E2167A3181BE014000C7D57 /* SQLiteAccess.m in Sources */,
				6E7D8AE8182D56BC00A1C7F2 /* BaseXmlParser.m in Sources */,
				6EEE624E182E4ADD003E3526 /* SWCellStundet.m in Sources */,
			);
			runOnlyForDeploymentPostprocessing = 0;
		};
/* End PBXSourcesBuildPhase section */

/* Begin PBXVariantGroup section */
		6ECD911C181AC7C00077F71C /* InfoPlist.strings */ = {
			isa = PBXVariantGroup;
			children = (
				6ECD911D181AC7C00077F71C /* en */,
			);
			name = InfoPlist.strings;
			sourceTree = "<group>";
		};
/* End PBXVariantGroup section */

/* Begin XCBuildConfiguration section */
		6ECD912B181AC7C00077F71C /* Debug */ = {
			isa = XCBuildConfiguration;
			buildSettings = {
				ALWAYS_SEARCH_USER_PATHS = NO;
				CLANG_CXX_LANGUAGE_STANDARD = "gnu++0x";
				CLANG_CXX_LIBRARY = "libc++";
				CLANG_ENABLE_OBJC_ARC = YES;
				CLANG_WARN_CONSTANT_CONVERSION = YES;
				CLANG_WARN_EMPTY_BODY = YES;
				CLANG_WARN_ENUM_CONVERSION = YES;
				CLANG_WARN_INT_CONVERSION = YES;
				CLANG_WARN__DUPLICATE_METHOD_MATCH = YES;
				"CODE_SIGN_IDENTITY[sdk=iphoneos*]" = "iPhone Developer";
				COPY_PHASE_STRIP = NO;
				GCC_C_LANGUAGE_STANDARD = gnu99;
				GCC_DYNAMIC_NO_PIC = NO;
				GCC_OPTIMIZATION_LEVEL = 0;
				GCC_PREPROCESSOR_DEFINITIONS = (
					"DEBUG=1",
					"$(inherited)",
				);
				GCC_SYMBOLS_PRIVATE_EXTERN = NO;
				GCC_WARN_ABOUT_RETURN_TYPE = YES;
				GCC_WARN_UNINITIALIZED_AUTOS = YES;
				GCC_WARN_UNUSED_VARIABLE = YES;
				IPHONEOS_DEPLOYMENT_TARGET = 6.1;
				ONLY_ACTIVE_ARCH = YES;
				SDKROOT = iphoneos;
			};
			name = Debug;
		};
		6ECD912C181AC7C00077F71C /* Release */ = {
			isa = XCBuildConfiguration;
			buildSettings = {
				ALWAYS_SEARCH_USER_PATHS = NO;
				CLANG_CXX_LANGUAGE_STANDARD = "gnu++0x";
				CLANG_CXX_LIBRARY = "libc++";
				CLANG_ENABLE_OBJC_ARC = YES;
				CLANG_WARN_CONSTANT_CONVERSION = YES;
				CLANG_WARN_EMPTY_BODY = YES;
				CLANG_WARN_ENUM_CONVERSION = YES;
				CLANG_WARN_INT_CONVERSION = YES;
				CLANG_WARN__DUPLICATE_METHOD_MATCH = YES;
				"CODE_SIGN_IDENTITY[sdk=iphoneos*]" = "iPhone Developer";
				COPY_PHASE_STRIP = YES;
				GCC_C_LANGUAGE_STANDARD = gnu99;
				GCC_WARN_ABOUT_RETURN_TYPE = YES;
				GCC_WARN_UNINITIALIZED_AUTOS = YES;
				GCC_WARN_UNUSED_VARIABLE = YES;
				IPHONEOS_DEPLOYMENT_TARGET = 6.1;
				OTHER_CFLAGS = "-DNS_BLOCK_ASSERTIONS=1";
				SDKROOT = iphoneos;
				VALIDATE_PRODUCT = YES;
			};
			name = Release;
		};
		6ECD912E181AC7C00077F71C /* Debug */ = {
			isa = XCBuildConfiguration;
			buildSettings = {
				GCC_PRECOMPILE_PREFIX_HEADER = YES;
				GCC_PREFIX_HEADER = "CursoiOS/CursoiOS-Prefix.pch";
				INFOPLIST_FILE = "CursoiOS/CursoiOS-Info.plist";
				PRODUCT_NAME = "$(TARGET_NAME)";
				WRAPPER_EXTENSION = app;
			};
			name = Debug;
		};
		6ECD912F181AC7C00077F71C /* Release */ = {
			isa = XCBuildConfiguration;
			buildSettings = {
				CODE_SIGN_IDENTITY = "iPhone Distribution";
				GCC_PRECOMPILE_PREFIX_HEADER = YES;
				GCC_PREFIX_HEADER = "CursoiOS/CursoiOS-Prefix.pch";
				INFOPLIST_FILE = "CursoiOS/CursoiOS-Info.plist";
				PRODUCT_NAME = "$(TARGET_NAME)";
				WRAPPER_EXTENSION = app;
			};
			name = Release;
		};
/* End XCBuildConfiguration section */

/* Begin XCConfigurationList section */
		6ECD910B181AC7C00077F71C /* Build configuration list for PBXProject "CursoiOS" */ = {
			isa = XCConfigurationList;
			buildConfigurations = (
				6ECD912B181AC7C00077F71C /* Debug */,
				6ECD912C181AC7C00077F71C /* Release */,
			);
			defaultConfigurationIsVisible = 0;
			defaultConfigurationName = Release;
		};
		6ECD912D181AC7C00077F71C /* Build configuration list for PBXNativeTarget "CursoiOS" */ = {
			isa = XCConfigurationList;
			buildConfigurations = (
				6ECD912E181AC7C00077F71C /* Debug */,
				6ECD912F181AC7C00077F71C /* Release */,
			);
			defaultConfigurationIsVisible = 0;
			defaultConfigurationName = Release;
		};
/* End XCConfigurationList section */
	};
	rootObject = 6ECD9108181AC7C00077F71C /* Project object */;
}
